
Microsoft Visual Studio Solution File, Format Version 12.00
# Visual Studio Version 17
VisualStudioVersion = 17.12.35506.116 d17.12
MinimumVisualStudioVersion = 10.0.40219.1
Project("{2150E333-8FDC-42A3-9474-1A3956D46DE8}") = "2024", "2024", "{50C565AA-5BBD-48B3-AD1E-B325C7AFE6B0}"
EndProject
Project("{D954291E-2A0B-460D-934E-DC6B0785DB48}") = "Shared", "2024\C#\Shared\Shared.shproj", "{4EE272ED-2502-45FD-805D-9B69C38F085D}"
EndProject
Project("{2150E333-8FDC-42A3-9474-1A3956D46DE8}") = "SolutionItems", "SolutionItems", "{0A0D6E78-3012-44FF-B3B9-E50318EDA454}"
	ProjectSection(SolutionItems) = preProject
		.editorconfig = .editorconfig
	EndProjectSection
EndProject
Project("{FAE04EC0-301F-11D3-BF4B-00C04F79EFBC}") = "Day1", "2024\C#\Day1\Day1.csproj", "{0CD370FE-3A8D-4BA1-AD06-673EF6B3F454}"
EndProject
Project("{FAE04EC0-301F-11D3-BF4B-00C04F79EFBC}") = "Day2", "2024\C#\Day2\Day2.csproj", "{9B193C8A-1D47-4874-B91E-A0541787BA44}"
EndProject
Project("{FAE04EC0-301F-11D3-BF4B-00C04F79EFBC}") = "Day3", "2024\C#\Day3\Day3.csproj", "{976CFA02-B735-430C-A5F6-B627091AF9EB}"
EndProject
Project("{FAE04EC0-301F-11D3-BF4B-00C04F79EFBC}") = "Day4", "2024\C#\Day4\Day4.csproj", "{47E5EB48-DFF9-4742-9A9B-81B523C0AA9C}"
EndProject
Project("{FAE04EC0-301F-11D3-BF4B-00C04F79EFBC}") = "Day5", "2024\C#\Day5\Day5.csproj", "{3CB79D46-E2D2-452F-90BD-4E2530942E6E}"
EndProject
Global
	GlobalSection(SolutionConfigurationPlatforms) = preSolution
		Debug|Any CPU = Debug|Any CPU
		Release|Any CPU = Release|Any CPU
	EndGlobalSection
	GlobalSection(ProjectConfigurationPlatforms) = postSolution
		{0CD370FE-3A8D-4BA1-AD06-673EF6B3F454}.Debug|Any CPU.ActiveCfg = Debug|Any CPU
		{0CD370FE-3A8D-4BA1-AD06-673EF6B3F454}.Debug|Any CPU.Build.0 = Debug|Any CPU
		{0CD370FE-3A8D-4BA1-AD06-673EF6B3F454}.Release|Any CPU.ActiveCfg = Release|Any CPU
		{0CD370FE-3A8D-4BA1-AD06-673EF6B3F454}.Release|Any CPU.Build.0 = Release|Any CPU
		{9B193C8A-1D47-4874-B91E-A0541787BA44}.Debug|Any CPU.ActiveCfg = Debug|Any CPU
		{9B193C8A-1D47-4874-B91E-A0541787BA44}.Debug|Any CPU.Build.0 = Debug|Any CPU
		{9B193C8A-1D47-4874-B91E-A0541787BA44}.Release|Any CPU.ActiveCfg = Release|Any CPU
		{9B193C8A-1D47-4874-B91E-A0541787BA44}.Release|Any CPU.Build.0 = Release|Any CPU
		{976CFA02-B735-430C-A5F6-B627091AF9EB}.Debug|Any CPU.ActiveCfg = Debug|Any CPU
		{976CFA02-B735-430C-A5F6-B627091AF9EB}.Debug|Any CPU.Build.0 = Debug|Any CPU
		{976CFA02-B735-430C-A5F6-B627091AF9EB}.Release|Any CPU.ActiveCfg = Release|Any CPU
		{976CFA02-B735-430C-A5F6-B627091AF9EB}.Release|Any CPU.Build.0 = Release|Any CPU
		{47E5EB48-DFF9-4742-9A9B-81B523C0AA9C}.Debug|Any CPU.ActiveCfg = Debug|Any CPU
		{47E5EB48-DFF9-4742-9A9B-81B523C0AA9C}.Debug|Any CPU.Build.0 = Debug|Any CPU
		{47E5EB48-DFF9-4742-9A9B-81B523C0AA9C}.Release|Any CPU.ActiveCfg = Release|Any CPU
		{47E5EB48-DFF9-4742-9A9B-81B523C0AA9C}.Release|Any CPU.Build.0 = Release|Any CPU
		{3CB79D46-E2D2-452F-90BD-4E2530942E6E}.Debug|Any CPU.ActiveCfg = Debug|Any CPU
		{3CB79D46-E2D2-452F-90BD-4E2530942E6E}.Debug|Any CPU.Build.0 = Debug|Any CPU
		{3CB79D46-E2D2-452F-90BD-4E2530942E6E}.Release|Any CPU.ActiveCfg = Release|Any CPU
		{3CB79D46-E2D2-452F-90BD-4E2530942E6E}.Release|Any CPU.Build.0 = Release|Any CPU
	EndGlobalSection
	GlobalSection(SolutionProperties) = preSolution
		HideSolutionNode = FALSE
	EndGlobalSection
	GlobalSection(NestedProjects) = preSolution
		{0CD370FE-3A8D-4BA1-AD06-673EF6B3F454} = {50C565AA-5BBD-48B3-AD1E-B325C7AFE6B0}
		{9B193C8A-1D47-4874-B91E-A0541787BA44} = {50C565AA-5BBD-48B3-AD1E-B325C7AFE6B0}
		{4EE272ED-2502-45FD-805D-9B69C38F085D} = {50C565AA-5BBD-48B3-AD1E-B325C7AFE6B0}
		{976CFA02-B735-430C-A5F6-B627091AF9EB} = {50C565AA-5BBD-48B3-AD1E-B325C7AFE6B0}
		{47E5EB48-DFF9-4742-9A9B-81B523C0AA9C} = {50C565AA-5BBD-48B3-AD1E-B325C7AFE6B0}
		{3CB79D46-E2D2-452F-90BD-4E2530942E6E} = {50C565AA-5BBD-48B3-AD1E-B325C7AFE6B0}
	EndGlobalSection
	GlobalSection(SharedMSBuildProjectFiles) = preSolution
		2024\C#\Shared\Shared.projitems*{4ee272ed-2502-45fd-805d-9b69c38f085d}*SharedItemsImports = 13
	EndGlobalSection
EndGlobal
